
Microsoft Visual Studio Solution File, Format Version 12.00
# Visual Studio 15
VisualStudioVersion = 15.0.28307.572
MinimumVisualStudioVersion = 10.0.40219.1
Project("{FAE04EC0-301F-11D3-BF4B-00C04F79EFBC}") = "newtonInterpolation", "newtonInterpolation\newtonInterpolation.csproj", "{ED4A3747-96E2-4974-BE2C-ECAAC39552E1}"
EndProject
Global
	GlobalSection(SolutionConfigurationPlatforms) = preSolution
		Debug|Any CPU = Debug|Any CPU
		Release|Any CPU = Release|Any CPU
	EndGlobalSection
	GlobalSection(ProjectConfigurationPlatforms) = postSolution
		{ED4A3747-96E2-4974-BE2C-ECAAC39552E1}.Debug|Any CPU.ActiveCfg = Debug|Any CPU
		{ED4A3747-96E2-4974-BE2C-ECAAC39552E1}.Debug|Any CPU.Build.0 = Debug|Any CPU
		{ED4A3747-96E2-4974-BE2C-ECAAC39552E1}.Release|Any CPU.ActiveCfg = Release|Any CPU
		{ED4A3747-96E2-4974-BE2C-ECAAC39552E1}.Release|Any CPU.Build.0 = Release|Any CPU
	EndGlobalSection
	GlobalSection(SolutionProperties) = preSolution
		HideSolutionNode = FALSE
	EndGlobalSection
	GlobalSection(ExtensibilityGlobals) = postSolution
		SolutionGuid = {73809028-E1DA-44E2-AF2F-A458CF465844}
	EndGlobalSection
EndGlobal
